
Microsoft Visual Studio Solution File, Format Version 12.00
# Visual Studio Version 17
VisualStudioVersion = 17.6.33723.286
MinimumVisualStudioVersion = 10.0.40219.1
Project("{2150E333-8FDC-42A3-9474-1A3956D46DE8}") = "Bootstrapper", "Bootstrapper", "{30727076-FC73-4120-A8FB-B85C5EDBB7C3}"
EndProject
Project("{2150E333-8FDC-42A3-9474-1A3956D46DE8}") = "Modules", "Modules", "{8E885704-A765-4831-A687-5CF843E754CC}"
EndProject
Project("{9A19103F-16F7-4668-BE54-9A1E7A4F7556}") = "ClinicApp.Bootstrapper", "ClinicApp.Bootstrapper\ClinicApp.Bootstrapper.csproj", "{7C033ED9-B079-4983-9770-81A08E96F64A}"
EndProject
Project("{2150E333-8FDC-42A3-9474-1A3956D46DE8}") = "Authentication", "Authentication", "{92081540-2AE6-4FD8-B24B-862218C0D414}"
EndProject
Project("{2150E333-8FDC-42A3-9474-1A3956D46DE8}") = "Booking", "Booking", "{19576C42-A45B-4C20-AE60-010D1A12D5F7}"
EndProject
Project("{2150E333-8FDC-42A3-9474-1A3956D46DE8}") = "SlotManagement", "SlotManagement", "{73D91030-887F-45A0-B2AC-4DEAC7FAAE36}"
EndProject
Project("{2150E333-8FDC-42A3-9474-1A3956D46DE8}") = "Notification", "Notification", "{FA11C7D2-D6CE-4559-A9CD-05FEBEA6A575}"
EndProject
Project("{9A19103F-16F7-4668-BE54-9A1E7A4F7556}") = "Authentication.API", "Authentication.API\Authentication.API.csproj", "{5FAB4443-8618-4863-BA3D-7D02F7054B39}"
EndProject
Project("{9A19103F-16F7-4668-BE54-9A1E7A4F7556}") = "Booking.API", "Booking.API\Booking.API.csproj", "{E6520D4F-10D5-4E62-867F-C9FD9571AEF7}"
EndProject
Project("{9A19103F-16F7-4668-BE54-9A1E7A4F7556}") = "Booking.Domain", "Booking.Domain\Booking.Domain.csproj", "{A3FC310F-8D5D-4655-AD46-D99C74AD2C3A}"
EndProject
Project("{9A19103F-16F7-4668-BE54-9A1E7A4F7556}") = "Booking.Infrastructure", "Booking.Infrastructure\Booking.Infrastructure.csproj", "{7539A79F-6AF0-4421-91BD-FCAEBF27CABE}"
EndProject
Project("{9A19103F-16F7-4668-BE54-9A1E7A4F7556}") = "Booking.Shared", "Booking.Shared\Booking.Shared.csproj", "{F2860089-6126-49ED-8590-3E4D277EB780}"
EndProject
Project("{9A19103F-16F7-4668-BE54-9A1E7A4F7556}") = "Notification.Application", "Notification.Application\Notification.Application.csproj", "{F0DBDED1-45FD-458E-A317-998245F75AEA}"
EndProject
Project("{9A19103F-16F7-4668-BE54-9A1E7A4F7556}") = "Booking.Application", "Booking.Application\Booking.Application.csproj", "{734A02FA-3ED3-4B1A-8798-3D3590A90C07}"
EndProject
Project("{2150E333-8FDC-42A3-9474-1A3956D46DE8}") = "SharedKernel", "SharedKernel", "{872F913F-085F-4EC8-AD9C-7D27B830DF8E}"
EndProject
Project("{9A19103F-16F7-4668-BE54-9A1E7A4F7556}") = "SharedKernel.Infrastructure", "Extensions\SharedKernel.Infrastructure.csproj", "{E09B3B96-2CB1-4CED-B790-5A5A5D0B3EE6}"
EndProject
Project("{9A19103F-16F7-4668-BE54-9A1E7A4F7556}") = "SlotManagement", "SlotManagement\SlotManagement.csproj", "{48C22AEF-023F-4B1E-BB62-10F8AD7514DF}"
EndProject
Project("{FAE04EC0-301F-11D3-BF4B-00C04F79EFBC}") = "Shared.Core", "Shared.Core\Shared.Core.csproj", "{0C9FDD56-17A2-4EB6-B5D7-558F1CAAFB60}"
EndProject
Project("{FAE04EC0-301F-11D3-BF4B-00C04F79EFBC}") = "Notification.API", "Notification.API\Notification.API.csproj", "{D05AB006-E7B3-47E1-BDB1-66245B0E645E}"
EndProject
Global
	GlobalSection(SolutionConfigurationPlatforms) = preSolution
		Debug|Any CPU = Debug|Any CPU
		Release|Any CPU = Release|Any CPU
	EndGlobalSection
	GlobalSection(ProjectConfigurationPlatforms) = postSolution
		{7C033ED9-B079-4983-9770-81A08E96F64A}.Debug|Any CPU.ActiveCfg = Debug|Any CPU
		{7C033ED9-B079-4983-9770-81A08E96F64A}.Debug|Any CPU.Build.0 = Debug|Any CPU
		{7C033ED9-B079-4983-9770-81A08E96F64A}.Release|Any CPU.ActiveCfg = Release|Any CPU
		{7C033ED9-B079-4983-9770-81A08E96F64A}.Release|Any CPU.Build.0 = Release|Any CPU
		{5FAB4443-8618-4863-BA3D-7D02F7054B39}.Debug|Any CPU.ActiveCfg = Debug|Any CPU
		{5FAB4443-8618-4863-BA3D-7D02F7054B39}.Debug|Any CPU.Build.0 = Debug|Any CPU
		{5FAB4443-8618-4863-BA3D-7D02F7054B39}.Release|Any CPU.ActiveCfg = Release|Any CPU
		{5FAB4443-8618-4863-BA3D-7D02F7054B39}.Release|Any CPU.Build.0 = Release|Any CPU
		{E6520D4F-10D5-4E62-867F-C9FD9571AEF7}.Debug|Any CPU.ActiveCfg = Debug|Any CPU
		{E6520D4F-10D5-4E62-867F-C9FD9571AEF7}.Debug|Any CPU.Build.0 = Debug|Any CPU
		{E6520D4F-10D5-4E62-867F-C9FD9571AEF7}.Release|Any CPU.ActiveCfg = Release|Any CPU
		{E6520D4F-10D5-4E62-867F-C9FD9571AEF7}.Release|Any CPU.Build.0 = Release|Any CPU
		{A3FC310F-8D5D-4655-AD46-D99C74AD2C3A}.Debug|Any CPU.ActiveCfg = Debug|Any CPU
		{A3FC310F-8D5D-4655-AD46-D99C74AD2C3A}.Debug|Any CPU.Build.0 = Debug|Any CPU
		{A3FC310F-8D5D-4655-AD46-D99C74AD2C3A}.Release|Any CPU.ActiveCfg = Release|Any CPU
		{A3FC310F-8D5D-4655-AD46-D99C74AD2C3A}.Release|Any CPU.Build.0 = Release|Any CPU
		{7539A79F-6AF0-4421-91BD-FCAEBF27CABE}.Debug|Any CPU.ActiveCfg = Debug|Any CPU
		{7539A79F-6AF0-4421-91BD-FCAEBF27CABE}.Debug|Any CPU.Build.0 = Debug|Any CPU
		{7539A79F-6AF0-4421-91BD-FCAEBF27CABE}.Release|Any CPU.ActiveCfg = Release|Any CPU
		{7539A79F-6AF0-4421-91BD-FCAEBF27CABE}.Release|Any CPU.Build.0 = Release|Any CPU
		{F2860089-6126-49ED-8590-3E4D277EB780}.Debug|Any CPU.ActiveCfg = Debug|Any CPU
		{F2860089-6126-49ED-8590-3E4D277EB780}.Debug|Any CPU.Build.0 = Debug|Any CPU
		{F2860089-6126-49ED-8590-3E4D277EB780}.Release|Any CPU.ActiveCfg = Release|Any CPU
		{F2860089-6126-49ED-8590-3E4D277EB780}.Release|Any CPU.Build.0 = Release|Any CPU
		{F0DBDED1-45FD-458E-A317-998245F75AEA}.Debug|Any CPU.ActiveCfg = Debug|Any CPU
		{F0DBDED1-45FD-458E-A317-998245F75AEA}.Debug|Any CPU.Build.0 = Debug|Any CPU
		{F0DBDED1-45FD-458E-A317-998245F75AEA}.Release|Any CPU.ActiveCfg = Release|Any CPU
		{F0DBDED1-45FD-458E-A317-998245F75AEA}.Release|Any CPU.Build.0 = Release|Any CPU
		{734A02FA-3ED3-4B1A-8798-3D3590A90C07}.Debug|Any CPU.ActiveCfg = Debug|Any CPU
		{734A02FA-3ED3-4B1A-8798-3D3590A90C07}.Debug|Any CPU.Build.0 = Debug|Any CPU
		{734A02FA-3ED3-4B1A-8798-3D3590A90C07}.Release|Any CPU.ActiveCfg = Release|Any CPU
		{734A02FA-3ED3-4B1A-8798-3D3590A90C07}.Release|Any CPU.Build.0 = Release|Any CPU
		{E09B3B96-2CB1-4CED-B790-5A5A5D0B3EE6}.Debug|Any CPU.ActiveCfg = Debug|Any CPU
		{E09B3B96-2CB1-4CED-B790-5A5A5D0B3EE6}.Debug|Any CPU.Build.0 = Debug|Any CPU
		{E09B3B96-2CB1-4CED-B790-5A5A5D0B3EE6}.Release|Any CPU.ActiveCfg = Release|Any CPU
		{E09B3B96-2CB1-4CED-B790-5A5A5D0B3EE6}.Release|Any CPU.Build.0 = Release|Any CPU
		{48C22AEF-023F-4B1E-BB62-10F8AD7514DF}.Debug|Any CPU.ActiveCfg = Debug|Any CPU
		{48C22AEF-023F-4B1E-BB62-10F8AD7514DF}.Debug|Any CPU.Build.0 = Debug|Any CPU
		{48C22AEF-023F-4B1E-BB62-10F8AD7514DF}.Release|Any CPU.ActiveCfg = Release|Any CPU
		{48C22AEF-023F-4B1E-BB62-10F8AD7514DF}.Release|Any CPU.Build.0 = Release|Any CPU
		{0C9FDD56-17A2-4EB6-B5D7-558F1CAAFB60}.Debug|Any CPU.ActiveCfg = Debug|Any CPU
		{0C9FDD56-17A2-4EB6-B5D7-558F1CAAFB60}.Debug|Any CPU.Build.0 = Debug|Any CPU
		{0C9FDD56-17A2-4EB6-B5D7-558F1CAAFB60}.Release|Any CPU.ActiveCfg = Release|Any CPU
		{0C9FDD56-17A2-4EB6-B5D7-558F1CAAFB60}.Release|Any CPU.Build.0 = Release|Any CPU
		{D05AB006-E7B3-47E1-BDB1-66245B0E645E}.Debug|Any CPU.ActiveCfg = Debug|Any CPU
		{D05AB006-E7B3-47E1-BDB1-66245B0E645E}.Debug|Any CPU.Build.0 = Debug|Any CPU
		{D05AB006-E7B3-47E1-BDB1-66245B0E645E}.Release|Any CPU.ActiveCfg = Release|Any CPU
		{D05AB006-E7B3-47E1-BDB1-66245B0E645E}.Release|Any CPU.Build.0 = Release|Any CPU
	EndGlobalSection
	GlobalSection(SolutionProperties) = preSolution
		HideSolutionNode = FALSE
	EndGlobalSection
	GlobalSection(NestedProjects) = preSolution
		{7C033ED9-B079-4983-9770-81A08E96F64A} = {30727076-FC73-4120-A8FB-B85C5EDBB7C3}
		{92081540-2AE6-4FD8-B24B-862218C0D414} = {8E885704-A765-4831-A687-5CF843E754CC}
		{19576C42-A45B-4C20-AE60-010D1A12D5F7} = {8E885704-A765-4831-A687-5CF843E754CC}
		{73D91030-887F-45A0-B2AC-4DEAC7FAAE36} = {8E885704-A765-4831-A687-5CF843E754CC}
		{FA11C7D2-D6CE-4559-A9CD-05FEBEA6A575} = {8E885704-A765-4831-A687-5CF843E754CC}
		{5FAB4443-8618-4863-BA3D-7D02F7054B39} = {92081540-2AE6-4FD8-B24B-862218C0D414}
		{E6520D4F-10D5-4E62-867F-C9FD9571AEF7} = {19576C42-A45B-4C20-AE60-010D1A12D5F7}
		{A3FC310F-8D5D-4655-AD46-D99C74AD2C3A} = {19576C42-A45B-4C20-AE60-010D1A12D5F7}
		{7539A79F-6AF0-4421-91BD-FCAEBF27CABE} = {19576C42-A45B-4C20-AE60-010D1A12D5F7}
		{F2860089-6126-49ED-8590-3E4D277EB780} = {19576C42-A45B-4C20-AE60-010D1A12D5F7}
		{F0DBDED1-45FD-458E-A317-998245F75AEA} = {FA11C7D2-D6CE-4559-A9CD-05FEBEA6A575}
		{734A02FA-3ED3-4B1A-8798-3D3590A90C07} = {19576C42-A45B-4C20-AE60-010D1A12D5F7}
		{872F913F-085F-4EC8-AD9C-7D27B830DF8E} = {8E885704-A765-4831-A687-5CF843E754CC}
		{E09B3B96-2CB1-4CED-B790-5A5A5D0B3EE6} = {872F913F-085F-4EC8-AD9C-7D27B830DF8E}
		{48C22AEF-023F-4B1E-BB62-10F8AD7514DF} = {73D91030-887F-45A0-B2AC-4DEAC7FAAE36}
		{0C9FDD56-17A2-4EB6-B5D7-558F1CAAFB60} = {872F913F-085F-4EC8-AD9C-7D27B830DF8E}
		{D05AB006-E7B3-47E1-BDB1-66245B0E645E} = {FA11C7D2-D6CE-4559-A9CD-05FEBEA6A575}
	EndGlobalSection
	GlobalSection(ExtensibilityGlobals) = postSolution
		SolutionGuid = {B7DC9821-75F4-45D8-8A80-227723A5A1AB}
	EndGlobalSection
EndGlobal
